
Microsoft Visual Studio Solution File, Format Version 12.00
# Visual Studio Version 16
VisualStudioVersion = 16.0.28922.388
MinimumVisualStudioVersion = 10.0.40219.1
Project("{FAE04EC0-301F-11D3-BF4B-00C04F79EFBC}") = "webApp", "webApp\webApp.csproj", "{0538660E-48E3-40E1-982D-05F215AFB073}"
EndProject
Global
	GlobalSection(SolutionConfigurationPlatforms) = preSolution
		Debug|Any CPU = Debug|Any CPU
		Release|Any CPU = Release|Any CPU
	EndGlobalSection
	GlobalSection(ProjectConfigurationPlatforms) = postSolution
		{0538660E-48E3-40E1-982D-05F215AFB073}.Debug|Any CPU.ActiveCfg = Debug|Any CPU
		{0538660E-48E3-40E1-982D-05F215AFB073}.Debug|Any CPU.Build.0 = Debug|Any CPU
		{0538660E-48E3-40E1-982D-05F215AFB073}.Release|Any CPU.ActiveCfg = Release|Any CPU
		{0538660E-48E3-40E1-982D-05F215AFB073}.Release|Any CPU.Build.0 = Release|Any CPU
	EndGlobalSection
	GlobalSection(SolutionProperties) = preSolution
		HideSolutionNode = FALSE
	EndGlobalSection
	GlobalSection(ExtensibilityGlobals) = postSolution
		SolutionGuid = {32395EC0-9979-43B8-9A41-FF3159ED302F}
	EndGlobalSection
EndGlobal
